// !$*UTF8*$!
{
	archiveVersion = 1;
	classes = {
	};
	objectVersion = 56;
	objects = {

/* Begin PBXBuildFile section */
		0AA1AB96CA55C1271CA2C651 /* Pods_BoilerPlate.framework in Frameworks */ = {isa = PBXBuildFile; fileRef = 9BA58EE1A58FFE2F44DB982B /* Pods_BoilerPlate.framework */; };
		0BDCC4A22DA281C6AEA3B869 /* Pods_BoilerPlateTests.framework in Frameworks */ = {isa = PBXBuildFile; fileRef = 2A4F1E2640E8F2F638A585F4 /* Pods_BoilerPlateTests.framework */; };
		6CB97A3B2ADD937C006DFABC /* AppDelegate.swift in Sources */ = {isa = PBXBuildFile; fileRef = 6CB97A3A2ADD937C006DFABC /* AppDelegate.swift */; };
		6CB97A3D2ADD937C006DFABC /* SceneDelegate.swift in Sources */ = {isa = PBXBuildFile; fileRef = 6CB97A3C2ADD937C006DFABC /* SceneDelegate.swift */; };
		6CB97A3F2ADD937C006DFABC /* ViewController.swift in Sources */ = {isa = PBXBuildFile; fileRef = 6CB97A3E2ADD937C006DFABC /* ViewController.swift */; };
		6CB97A422ADD937C006DFABC /* Main.storyboard in Resources */ = {isa = PBXBuildFile; fileRef = 6CB97A402ADD937C006DFABC /* Main.storyboard */; };
		6CB97A442ADD937D006DFABC /* Assets.xcassets in Resources */ = {isa = PBXBuildFile; fileRef = 6CB97A432ADD937D006DFABC /* Assets.xcassets */; };
		6CB97A472ADD937D006DFABC /* LaunchScreen.storyboard in Resources */ = {isa = PBXBuildFile; fileRef = 6CB97A452ADD937D006DFABC /* LaunchScreen.storyboard */; };
		6CB97A522ADD937D006DFABC /* BoilerPlateTests.swift in Sources */ = {isa = PBXBuildFile; fileRef = 6CB97A512ADD937D006DFABC /* BoilerPlateTests.swift */; };
		6CB97A5C2ADD937D006DFABC /* BoilerPlateUITests.swift in Sources */ = {isa = PBXBuildFile; fileRef = 6CB97A5B2ADD937D006DFABC /* BoilerPlateUITests.swift */; };
		6CB97A5E2ADD937D006DFABC /* BoilerPlateUITestsLaunchTests.swift in Sources */ = {isa = PBXBuildFile; fileRef = 6CB97A5D2ADD937D006DFABC /* BoilerPlateUITestsLaunchTests.swift */; };
		E1457786B15A911731580509 /* Pods_BoilerPlate_BoilerPlateUITests.framework in Frameworks */ = {isa = PBXBuildFile; fileRef = 6B558A52DCD791793E758328 /* Pods_BoilerPlate_BoilerPlateUITests.framework */; };
/* End PBXBuildFile section */

/* Begin PBXContainerItemProxy section */
		6CB97A4E2ADD937D006DFABC /* PBXContainerItemProxy */ = {
			isa = PBXContainerItemProxy;
			containerPortal = 6CB97A2F2ADD937C006DFABC /* Project object */;
			proxyType = 1;
			remoteGlobalIDString = 6CB97A362ADD937C006DFABC;
			remoteInfo = BoilerPlate;
		};
		6CB97A582ADD937D006DFABC /* PBXContainerItemProxy */ = {
			isa = PBXContainerItemProxy;
			containerPortal = 6CB97A2F2ADD937C006DFABC /* Project object */;
			proxyType = 1;
			remoteGlobalIDString = 6CB97A362ADD937C006DFABC;
			remoteInfo = BoilerPlate;
		};
/* End PBXContainerItemProxy section */

/* Begin PBXFileReference section */
		2A4F1E2640E8F2F638A585F4 /* Pods_BoilerPlateTests.framework */ = {isa = PBXFileReference; explicitFileType = wrapper.framework; includeInIndex = 0; path = Pods_BoilerPlateTests.framework; sourceTree = BUILT_PRODUCTS_DIR; };
		5DAC8DEE22E075B072E7137D /* Pods-BoilerPlateTests.release.xcconfig */ = {isa = PBXFileReference; includeInIndex = 1; lastKnownFileType = text.xcconfig; name = "Pods-BoilerPlateTests.release.xcconfig"; path = "Target Support Files/Pods-BoilerPlateTests/Pods-BoilerPlateTests.release.xcconfig"; sourceTree = "<group>"; };
		626B1536355BCFC2E89617C7 /* Pods-BoilerPlate-BoilerPlateUITests.debug.xcconfig */ = {isa = PBXFileReference; includeInIndex = 1; lastKnownFileType = text.xcconfig; name = "Pods-BoilerPlate-BoilerPlateUITests.debug.xcconfig"; path = "Target Support Files/Pods-BoilerPlate-BoilerPlateUITests/Pods-BoilerPlate-BoilerPlateUITests.debug.xcconfig"; sourceTree = "<group>"; };
		6B558A52DCD791793E758328 /* Pods_BoilerPlate_BoilerPlateUITests.framework */ = {isa = PBXFileReference; explicitFileType = wrapper.framework; includeInIndex = 0; path = Pods_BoilerPlate_BoilerPlateUITests.framework; sourceTree = BUILT_PRODUCTS_DIR; };
		6CB97A372ADD937C006DFABC /* BoilerPlate.app */ = {isa = PBXFileReference; explicitFileType = wrapper.application; includeInIndex = 0; path = BoilerPlate.app; sourceTree = BUILT_PRODUCTS_DIR; };
		6CB97A3A2ADD937C006DFABC /* AppDelegate.swift */ = {isa = PBXFileReference; lastKnownFileType = sourcecode.swift; path = AppDelegate.swift; sourceTree = "<group>"; };
		6CB97A3C2ADD937C006DFABC /* SceneDelegate.swift */ = {isa = PBXFileReference; lastKnownFileType = sourcecode.swift; path = SceneDelegate.swift; sourceTree = "<group>"; };
		6CB97A3E2ADD937C006DFABC /* ViewController.swift */ = {isa = PBXFileReference; lastKnownFileType = sourcecode.swift; path = ViewController.swift; sourceTree = "<group>"; };
		6CB97A412ADD937C006DFABC /* Base */ = {isa = PBXFileReference; lastKnownFileType = file.storyboard; name = Base; path = Base.lproj/Main.storyboard; sourceTree = "<group>"; };
		6CB97A432ADD937D006DFABC /* Assets.xcassets */ = {isa = PBXFileReference; lastKnownFileType = folder.assetcatalog; path = Assets.xcassets; sourceTree = "<group>"; };
		6CB97A462ADD937D006DFABC /* Base */ = {isa = PBXFileReference; lastKnownFileType = file.storyboard; name = Base; path = Base.lproj/LaunchScreen.storyboard; sourceTree = "<group>"; };
		6CB97A482ADD937D006DFABC /* Info.plist */ = {isa = PBXFileReference; lastKnownFileType = text.plist.xml; path = Info.plist; sourceTree = "<group>"; };
		6CB97A4D2ADD937D006DFABC /* BoilerPlateTests.xctest */ = {isa = PBXFileReference; explicitFileType = wrapper.cfbundle; includeInIndex = 0; path = BoilerPlateTests.xctest; sourceTree = BUILT_PRODUCTS_DIR; };
		6CB97A512ADD937D006DFABC /* BoilerPlateTests.swift */ = {isa = PBXFileReference; lastKnownFileType = sourcecode.swift; path = BoilerPlateTests.swift; sourceTree = "<group>"; };
		6CB97A572ADD937D006DFABC /* BoilerPlateUITests.xctest */ = {isa = PBXFileReference; explicitFileType = wrapper.cfbundle; includeInIndex = 0; path = BoilerPlateUITests.xctest; sourceTree = BUILT_PRODUCTS_DIR; };
		6CB97A5B2ADD937D006DFABC /* BoilerPlateUITests.swift */ = {isa = PBXFileReference; lastKnownFileType = sourcecode.swift; path = BoilerPlateUITests.swift; sourceTree = "<group>"; };
		6CB97A5D2ADD937D006DFABC /* BoilerPlateUITestsLaunchTests.swift */ = {isa = PBXFileReference; lastKnownFileType = sourcecode.swift; path = BoilerPlateUITestsLaunchTests.swift; sourceTree = "<group>"; };
		7806C3A4563EDF67915B7DDE /* Pods-BoilerPlateTests.debug.xcconfig */ = {isa = PBXFileReference; includeInIndex = 1; lastKnownFileType = text.xcconfig; name = "Pods-BoilerPlateTests.debug.xcconfig"; path = "Target Support Files/Pods-BoilerPlateTests/Pods-BoilerPlateTests.debug.xcconfig"; sourceTree = "<group>"; };
		90AD6D687D134F84777F66FA /* Pods-BoilerPlate.release.xcconfig */ = {isa = PBXFileReference; includeInIndex = 1; lastKnownFileType = text.xcconfig; name = "Pods-BoilerPlate.release.xcconfig"; path = "Target Support Files/Pods-BoilerPlate/Pods-BoilerPlate.release.xcconfig"; sourceTree = "<group>"; };
		9BA58EE1A58FFE2F44DB982B /* Pods_BoilerPlate.framework */ = {isa = PBXFileReference; explicitFileType = wrapper.framework; includeInIndex = 0; path = Pods_BoilerPlate.framework; sourceTree = BUILT_PRODUCTS_DIR; };
		B5174AD700D8777CCBD82634 /* Pods-BoilerPlate.debug.xcconfig */ = {isa = PBXFileReference; includeInIndex = 1; lastKnownFileType = text.xcconfig; name = "Pods-BoilerPlate.debug.xcconfig"; path = "Target Support Files/Pods-BoilerPlate/Pods-BoilerPlate.debug.xcconfig"; sourceTree = "<group>"; };
		EC8B13D1DD2AD02695E0103E /* Pods-BoilerPlate-BoilerPlateUITests.release.xcconfig */ = {isa = PBXFileReference; includeInIndex = 1; lastKnownFileType = text.xcconfig; name = "Pods-BoilerPlate-BoilerPlateUITests.release.xcconfig"; path = "Target Support Files/Pods-BoilerPlate-BoilerPlateUITests/Pods-BoilerPlate-BoilerPlateUITests.release.xcconfig"; sourceTree = "<group>"; };
/* End PBXFileReference section */

/* Begin PBXFrameworksBuildPhase section */
		6CB97A342ADD937C006DFABC /* Frameworks */ = {
			isa = PBXFrameworksBuildPhase;
			buildActionMask = 2147483647;
			files = (
				0AA1AB96CA55C1271CA2C651 /* Pods_BoilerPlate.framework in Frameworks */,
			);
			runOnlyForDeploymentPostprocessing = 0;
		};
		6CB97A4A2ADD937D006DFABC /* Frameworks */ = {
			isa = PBXFrameworksBuildPhase;
			buildActionMask = 2147483647;
			files = (
				0BDCC4A22DA281C6AEA3B869 /* Pods_BoilerPlateTests.framework in Frameworks */,
			);
			runOnlyForDeploymentPostprocessing = 0;
		};
		6CB97A542ADD937D006DFABC /* Frameworks */ = {
			isa = PBXFrameworksBuildPhase;
			buildActionMask = 2147483647;
			files = (
				E1457786B15A911731580509 /* Pods_BoilerPlate_BoilerPlateUITests.framework in Frameworks */,
			);
			runOnlyForDeploymentPostprocessing = 0;
		};
/* End PBXFrameworksBuildPhase section */

/* Begin PBXGroup section */
		397CEED1238BEDDFFC156FA7 /* Pods */ = {
			isa = PBXGroup;
			children = (
				B5174AD700D8777CCBD82634 /* Pods-BoilerPlate.debug.xcconfig */,
				90AD6D687D134F84777F66FA /* Pods-BoilerPlate.release.xcconfig */,
				626B1536355BCFC2E89617C7 /* Pods-BoilerPlate-BoilerPlateUITests.debug.xcconfig */,
				EC8B13D1DD2AD02695E0103E /* Pods-BoilerPlate-BoilerPlateUITests.release.xcconfig */,
				7806C3A4563EDF67915B7DDE /* Pods-BoilerPlateTests.debug.xcconfig */,
				5DAC8DEE22E075B072E7137D /* Pods-BoilerPlateTests.release.xcconfig */,
			);
			path = Pods;
			sourceTree = "<group>";
		};
		5E65FAFEFA4762DEDC142006 /* Frameworks */ = {
			isa = PBXGroup;
			children = (
				9BA58EE1A58FFE2F44DB982B /* Pods_BoilerPlate.framework */,
				6B558A52DCD791793E758328 /* Pods_BoilerPlate_BoilerPlateUITests.framework */,
				2A4F1E2640E8F2F638A585F4 /* Pods_BoilerPlateTests.framework */,
			);
			name = Frameworks;
			sourceTree = "<group>";
		};
		6CB97A2E2ADD937C006DFABC = {
			isa = PBXGroup;
			children = (
				6CB97A392ADD937C006DFABC /* BoilerPlate */,
				6CB97A502ADD937D006DFABC /* BoilerPlateTests */,
				6CB97A5A2ADD937D006DFABC /* BoilerPlateUITests */,
				6CB97A382ADD937C006DFABC /* Products */,
				397CEED1238BEDDFFC156FA7 /* Pods */,
				5E65FAFEFA4762DEDC142006 /* Frameworks */,
			);
			sourceTree = "<group>";
		};
		6CB97A382ADD937C006DFABC /* Products */ = {
			isa = PBXGroup;
			children = (
				6CB97A372ADD937C006DFABC /* BoilerPlate.app */,
				6CB97A4D2ADD937D006DFABC /* BoilerPlateTests.xctest */,
				6CB97A572ADD937D006DFABC /* BoilerPlateUITests.xctest */,
			);
			name = Products;
			sourceTree = "<group>";
		};
		6CB97A392ADD937C006DFABC /* BoilerPlate */ = {
			isa = PBXGroup;
			children = (
				6CB97A3A2ADD937C006DFABC /* AppDelegate.swift */,
				6CB97A3C2ADD937C006DFABC /* SceneDelegate.swift */,
				6CB97A3E2ADD937C006DFABC /* ViewController.swift */,
				6CB97A402ADD937C006DFABC /* Main.storyboard */,
				6CB97A432ADD937D006DFABC /* Assets.xcassets */,
				6CB97A452ADD937D006DFABC /* LaunchScreen.storyboard */,
				6CB97A482ADD937D006DFABC /* Info.plist */,
			);
			path = BoilerPlate;
			sourceTree = "<group>";
		};
		6CB97A502ADD937D006DFABC /* BoilerPlateTests */ = {
			isa = PBXGroup;
			children = (
				6CB97A512ADD937D006DFABC /* BoilerPlateTests.swift */,
			);
			path = BoilerPlateTests;
			sourceTree = "<group>";
		};
		6CB97A5A2ADD937D006DFABC /* BoilerPlateUITests */ = {
			isa = PBXGroup;
			children = (
				6CB97A5B2ADD937D006DFABC /* BoilerPlateUITests.swift */,
				6CB97A5D2ADD937D006DFABC /* BoilerPlateUITestsLaunchTests.swift */,
			);
			path = BoilerPlateUITests;
			sourceTree = "<group>";
		};
/* End PBXGroup section */

/* Begin PBXNativeTarget section */
		6CB97A362ADD937C006DFABC /* BoilerPlate */ = {
			isa = PBXNativeTarget;
			buildConfigurationList = 6CB97A612ADD937D006DFABC /* Build configuration list for PBXNativeTarget "BoilerPlate" */;
			buildPhases = (
				3D371F9E8EE659D61879AACF /* [CP] Check Pods Manifest.lock */,
				6CB97A332ADD937C006DFABC /* Sources */,
				6CB97A342ADD937C006DFABC /* Frameworks */,
				6CB97A352ADD937C006DFABC /* Resources */,
				6CC884E52ADD962E0091DA48 /* ShellScript */,
			);
			buildRules = (
			);
			dependencies = (
			);
			name = BoilerPlate;
			productName = BoilerPlate;
			productReference = 6CB97A372ADD937C006DFABC /* BoilerPlate.app */;
			productType = "com.apple.product-type.application";
		};
		6CB97A4C2ADD937D006DFABC /* BoilerPlateTests */ = {
			isa = PBXNativeTarget;
			buildConfigurationList = 6CB97A642ADD937D006DFABC /* Build configuration list for PBXNativeTarget "BoilerPlateTests" */;
			buildPhases = (
				14D0E2E423C8C08AFFFF776A /* [CP] Check Pods Manifest.lock */,
				6CB97A492ADD937D006DFABC /* Sources */,
				6CB97A4A2ADD937D006DFABC /* Frameworks */,
				6CB97A4B2ADD937D006DFABC /* Resources */,
			);
			buildRules = (
			);
			dependencies = (
				6CB97A4F2ADD937D006DFABC /* PBXTargetDependency */,
			);
			name = BoilerPlateTests;
			productName = BoilerPlateTests;
			productReference = 6CB97A4D2ADD937D006DFABC /* BoilerPlateTests.xctest */;
			productType = "com.apple.product-type.bundle.unit-test";
		};
		6CB97A562ADD937D006DFABC /* BoilerPlateUITests */ = {
			isa = PBXNativeTarget;
			buildConfigurationList = 6CB97A672ADD937D006DFABC /* Build configuration list for PBXNativeTarget "BoilerPlateUITests" */;
			buildPhases = (
				C19BB2E25C7A6544125D1FBC /* [CP] Check Pods Manifest.lock */,
				6CB97A532ADD937D006DFABC /* Sources */,
				6CB97A542ADD937D006DFABC /* Frameworks */,
				6CB97A552ADD937D006DFABC /* Resources */,
			);
			buildRules = (
			);
			dependencies = (
				6CB97A592ADD937D006DFABC /* PBXTargetDependency */,
			);
			name = BoilerPlateUITests;
			productName = BoilerPlateUITests;
			productReference = 6CB97A572ADD937D006DFABC /* BoilerPlateUITests.xctest */;
			productType = "com.apple.product-type.bundle.ui-testing";
		};
/* End PBXNativeTarget section */

/* Begin PBXProject section */
		6CB97A2F2ADD937C006DFABC /* Project object */ = {
			isa = PBXProject;
			attributes = {
				BuildIndependentTargetsInParallel = 1;
				LastSwiftUpdateCheck = 1410;
				LastUpgradeCheck = 1410;
				TargetAttributes = {
					6CB97A362ADD937C006DFABC = {
						CreatedOnToolsVersion = 14.1;
					};
					6CB97A4C2ADD937D006DFABC = {
						CreatedOnToolsVersion = 14.1;
						TestTargetID = 6CB97A362ADD937C006DFABC;
					};
					6CB97A562ADD937D006DFABC = {
						CreatedOnToolsVersion = 14.1;
						TestTargetID = 6CB97A362ADD937C006DFABC;
					};
				};
			};
			buildConfigurationList = 6CB97A322ADD937C006DFABC /* Build configuration list for PBXProject "BoilerPlate" */;
			compatibilityVersion = "Xcode 14.0";
			developmentRegion = en;
			hasScannedForEncodings = 0;
			knownRegions = (
				en,
				Base,
			);
			mainGroup = 6CB97A2E2ADD937C006DFABC;
			productRefGroup = 6CB97A382ADD937C006DFABC /* Products */;
			projectDirPath = "";
			projectRoot = "";
			targets = (
				6CB97A362ADD937C006DFABC /* BoilerPlate */,
				6CB97A4C2ADD937D006DFABC /* BoilerPlateTests */,
				6CB97A562ADD937D006DFABC /* BoilerPlateUITests */,
			);
		};
/* End PBXProject section */

/* Begin PBXResourcesBuildPhase section */
		6CB97A352ADD937C006DFABC /* Resources */ = {
			isa = PBXResourcesBuildPhase;
			buildActionMask = 2147483647;
			files = (
				6CB97A472ADD937D006DFABC /* LaunchScreen.storyboard in Resources */,
				6CB97A442ADD937D006DFABC /* Assets.xcassets in Resources */,
				6CB97A422ADD937C006DFABC /* Main.storyboard in Resources */,
			);
			runOnlyForDeploymentPostprocessing = 0;
		};
		6CB97A4B2ADD937D006DFABC /* Resources */ = {
			isa = PBXResourcesBuildPhase;
			buildActionMask = 2147483647;
			files = (
			);
			runOnlyForDeploymentPostprocessing = 0;
		};
		6CB97A552ADD937D006DFABC /* Resources */ = {
			isa = PBXResourcesBuildPhase;
			buildActionMask = 2147483647;
			files = (
			);
			runOnlyForDeploymentPostprocessing = 0;
		};
/* End PBXResourcesBuildPhase section */

/* Begin PBXShellScriptBuildPhase section */
		14D0E2E423C8C08AFFFF776A /* [CP] Check Pods Manifest.lock */ = {
			isa = PBXShellScriptBuildPhase;
			buildActionMask = 2147483647;
			files = (
			);
			inputFileListPaths = (
			);
			inputPaths = (
				"${PODS_PODFILE_DIR_PATH}/Podfile.lock",
				"${PODS_ROOT}/Manifest.lock",
			);
			name = "[CP] Check Pods Manifest.lock";
			outputFileListPaths = (
			);
			outputPaths = (
				"$(DERIVED_FILE_DIR)/Pods-BoilerPlateTests-checkManifestLockResult.txt",
			);
			runOnlyForDeploymentPostprocessing = 0;
			shellPath = /bin/sh;
			shellScript = "diff \"${PODS_PODFILE_DIR_PATH}/Podfile.lock\" \"${PODS_ROOT}/Manifest.lock\" > /dev/null\nif [ $? != 0 ] ; then\n    # print error to STDERR\n    echo \"error: The sandbox is not in sync with the Podfile.lock. Run 'pod install' or update your CocoaPods installation.\" >&2\n    exit 1\nfi\n# This output is used by Xcode 'outputs' to avoid re-running this script phase.\necho \"SUCCESS\" > \"${SCRIPT_OUTPUT_FILE_0}\"\n";
			showEnvVarsInLog = 0;
		};
		3D371F9E8EE659D61879AACF /* [CP] Check Pods Manifest.lock */ = {
			isa = PBXShellScriptBuildPhase;
			buildActionMask = 2147483647;
			files = (
			);
			inputFileListPaths = (
			);
			inputPaths = (
				"${PODS_PODFILE_DIR_PATH}/Podfile.lock",
				"${PODS_ROOT}/Manifest.lock",
			);
			name = "[CP] Check Pods Manifest.lock";
			outputFileListPaths = (
			);
			outputPaths = (
				"$(DERIVED_FILE_DIR)/Pods-BoilerPlate-checkManifestLockResult.txt",
			);
			runOnlyForDeploymentPostprocessing = 0;
			shellPath = /bin/sh;
			shellScript = "diff \"${PODS_PODFILE_DIR_PATH}/Podfile.lock\" \"${PODS_ROOT}/Manifest.lock\" > /dev/null\nif [ $? != 0 ] ; then\n    # print error to STDERR\n    echo \"error: The sandbox is not in sync with the Podfile.lock. Run 'pod install' or update your CocoaPods installation.\" >&2\n    exit 1\nfi\n# This output is used by Xcode 'outputs' to avoid re-running this script phase.\necho \"SUCCESS\" > \"${SCRIPT_OUTPUT_FILE_0}\"\n";
			showEnvVarsInLog = 0;
		};
		6CC884E52ADD962E0091DA48 /* ShellScript */ = {
			isa = PBXShellScriptBuildPhase;
			buildActionMask = 2147483647;
			files = (
			);
			inputFileListPaths = (
			);
			inputPaths = (
			);
			outputFileListPaths = (
			);
			outputPaths = (
			);
			runOnlyForDeploymentPostprocessing = 0;
			shellPath = /bin/sh;
			shellScript = "if which swiftlint >/dev/null; then\n  swiftlint\nelse\n  echo \"warning: SwiftLint not installed, download from https://github.com/realm/SwiftLint\"\nfi\n\nif [[ \"$(uname -m)\" == arm64 ]]; then\n    export PATH=\"/opt/homebrew/bin:$PATH\"\nfi\n\nif which swiftlint > /dev/null; then\n  swiftlint\nelse\n  echo \"warning: SwiftLint not installed, download from https://github.com/realm/SwiftLint\"\nfi\n";
		};
		C19BB2E25C7A6544125D1FBC /* [CP] Check Pods Manifest.lock */ = {
			isa = PBXShellScriptBuildPhase;
			buildActionMask = 2147483647;
			files = (
			);
			inputFileListPaths = (
			);
			inputPaths = (
				"${PODS_PODFILE_DIR_PATH}/Podfile.lock",
				"${PODS_ROOT}/Manifest.lock",
			);
			name = "[CP] Check Pods Manifest.lock";
			outputFileListPaths = (
			);
			outputPaths = (
				"$(DERIVED_FILE_DIR)/Pods-BoilerPlate-BoilerPlateUITests-checkManifestLockResult.txt",
			);
			runOnlyForDeploymentPostprocessing = 0;
			shellPath = /bin/sh;
			shellScript = "diff \"${PODS_PODFILE_DIR_PATH}/Podfile.lock\" \"${PODS_ROOT}/Manifest.lock\" > /dev/null\nif [ $? != 0 ] ; then\n    # print error to STDERR\n    echo \"error: The sandbox is not in sync with the Podfile.lock. Run 'pod install' or update your CocoaPods installation.\" >&2\n    exit 1\nfi\n# This output is used by Xcode 'outputs' to avoid re-running this script phase.\necho \"SUCCESS\" > \"${SCRIPT_OUTPUT_FILE_0}\"\n";
			showEnvVarsInLog = 0;
		};
/* End PBXShellScriptBuildPhase section */

/* Begin PBXSourcesBuildPhase section */
		6CB97A332ADD937C006DFABC /* Sources */ = {
			isa = PBXSourcesBuildPhase;
			buildActionMask = 2147483647;
			files = (
				6CB97A3F2ADD937C006DFABC /* ViewController.swift in Sources */,
				6CB97A3B2ADD937C006DFABC /* AppDelegate.swift in Sources */,
				6CB97A3D2ADD937C006DFABC /* SceneDelegate.swift in Sources */,
			);
			runOnlyForDeploymentPostprocessing = 0;
		};
		6CB97A492ADD937D006DFABC /* Sources */ = {
			isa = PBXSourcesBuildPhase;
			buildActionMask = 2147483647;
			files = (
				6CB97A522ADD937D006DFABC /* BoilerPlateTests.swift in Sources */,
			);
			runOnlyForDeploymentPostprocessing = 0;
		};
		6CB97A532ADD937D006DFABC /* Sources */ = {
			isa = PBXSourcesBuildPhase;
			buildActionMask = 2147483647;
			files = (
				6CB97A5E2ADD937D006DFABC /* BoilerPlateUITestsLaunchTests.swift in Sources */,
				6CB97A5C2ADD937D006DFABC /* BoilerPlateUITests.swift in Sources */,
			);
			runOnlyForDeploymentPostprocessing = 0;
		};
/* End PBXSourcesBuildPhase section */

/* Begin PBXTargetDependency section */
		6CB97A4F2ADD937D006DFABC /* PBXTargetDependency */ = {
			isa = PBXTargetDependency;
			target = 6CB97A362ADD937C006DFABC /* BoilerPlate */;
			targetProxy = 6CB97A4E2ADD937D006DFABC /* PBXContainerItemProxy */;
		};
		6CB97A592ADD937D006DFABC /* PBXTargetDependency */ = {
			isa = PBXTargetDependency;
			target = 6CB97A362ADD937C006DFABC /* BoilerPlate */;
			targetProxy = 6CB97A582ADD937D006DFABC /* PBXContainerItemProxy */;
		};
/* End PBXTargetDependency section */

/* Begin PBXVariantGroup section */
		6CB97A402ADD937C006DFABC /* Main.storyboard */ = {
			isa = PBXVariantGroup;
			children = (
				6CB97A412ADD937C006DFABC /* Base */,
			);
			name = Main.storyboard;
			sourceTree = "<group>";
		};
		6CB97A452ADD937D006DFABC /* LaunchScreen.storyboard */ = {
			isa = PBXVariantGroup;
			children = (
				6CB97A462ADD937D006DFABC /* Base */,
			);
			name = LaunchScreen.storyboard;
			sourceTree = "<group>";
		};
/* End PBXVariantGroup section */

/* Begin XCBuildConfiguration section */
		6CB97A5F2ADD937D006DFABC /* Debug */ = {
			isa = XCBuildConfiguration;
			buildSettings = {
				ALWAYS_SEARCH_USER_PATHS = NO;
				CLANG_ANALYZER_NONNULL = YES;
				CLANG_ANALYZER_NUMBER_OBJECT_CONVERSION = YES_AGGRESSIVE;
				CLANG_CXX_LANGUAGE_STANDARD = "gnu++20";
				CLANG_ENABLE_MODULES = YES;
				CLANG_ENABLE_OBJC_ARC = YES;
				CLANG_ENABLE_OBJC_WEAK = YES;
				CLANG_WARN_BLOCK_CAPTURE_AUTORELEASING = YES;
				CLANG_WARN_BOOL_CONVERSION = YES;
				CLANG_WARN_COMMA = YES;
				CLANG_WARN_CONSTANT_CONVERSION = YES;
				CLANG_WARN_DEPRECATED_OBJC_IMPLEMENTATIONS = YES;
				CLANG_WARN_DIRECT_OBJC_ISA_USAGE = YES_ERROR;
				CLANG_WARN_DOCUMENTATION_COMMENTS = YES;
				CLANG_WARN_EMPTY_BODY = YES;
				CLANG_WARN_ENUM_CONVERSION = YES;
				CLANG_WARN_INFINITE_RECURSION = YES;
				CLANG_WARN_INT_CONVERSION = YES;
				CLANG_WARN_NON_LITERAL_NULL_CONVERSION = YES;
				CLANG_WARN_OBJC_IMPLICIT_RETAIN_SELF = YES;
				CLANG_WARN_OBJC_LITERAL_CONVERSION = YES;
				CLANG_WARN_OBJC_ROOT_CLASS = YES_ERROR;
				CLANG_WARN_QUOTED_INCLUDE_IN_FRAMEWORK_HEADER = YES;
				CLANG_WARN_RANGE_LOOP_ANALYSIS = YES;
				CLANG_WARN_STRICT_PROTOTYPES = YES;
				CLANG_WARN_SUSPICIOUS_MOVE = YES;
				CLANG_WARN_UNGUARDED_AVAILABILITY = YES_AGGRESSIVE;
				CLANG_WARN_UNREACHABLE_CODE = YES;
				CLANG_WARN__DUPLICATE_METHOD_MATCH = YES;
				COPY_PHASE_STRIP = NO;
				DEBUG_INFORMATION_FORMAT = dwarf;
				ENABLE_STRICT_OBJC_MSGSEND = YES;
				ENABLE_TESTABILITY = YES;
				GCC_C_LANGUAGE_STANDARD = gnu11;
				GCC_DYNAMIC_NO_PIC = NO;
				GCC_NO_COMMON_BLOCKS = YES;
				GCC_OPTIMIZATION_LEVEL = 0;
				GCC_PREPROCESSOR_DEFINITIONS = (
					"DEBUG=1",
					"$(inherited)",
				);
				GCC_WARN_64_TO_32_BIT_CONVERSION = YES;
				GCC_WARN_ABOUT_RETURN_TYPE = YES_ERROR;
				GCC_WARN_UNDECLARED_SELECTOR = YES;
				GCC_WARN_UNINITIALIZED_AUTOS = YES_AGGRESSIVE;
				GCC_WARN_UNUSED_FUNCTION = YES;
				GCC_WARN_UNUSED_VARIABLE = YES;
				IPHONEOS_DEPLOYMENT_TARGET = 16.1;
				MTL_ENABLE_DEBUG_INFO = INCLUDE_SOURCE;
				MTL_FAST_MATH = YES;
				ONLY_ACTIVE_ARCH = YES;
				SDKROOT = iphoneos;
				SWIFT_ACTIVE_COMPILATION_CONDITIONS = DEBUG;
				SWIFT_OPTIMIZATION_LEVEL = "-Onone";
			};
			name = Debug;
		};
		6CB97A602ADD937D006DFABC /* Release */ = {
			isa = XCBuildConfiguration;
			buildSettings = {
				ALWAYS_SEARCH_USER_PATHS = NO;
				CLANG_ANALYZER_NONNULL = YES;
				CLANG_ANALYZER_NUMBER_OBJECT_CONVERSION = YES_AGGRESSIVE;
				CLANG_CXX_LANGUAGE_STANDARD = "gnu++20";
				CLANG_ENABLE_MODULES = YES;
				CLANG_ENABLE_OBJC_ARC = YES;
				CLANG_ENABLE_OBJC_WEAK = YES;
				CLANG_WARN_BLOCK_CAPTURE_AUTORELEASING = YES;
				CLANG_WARN_BOOL_CONVERSION = YES;
				CLANG_WARN_COMMA = YES;
				CLANG_WARN_CONSTANT_CONVERSION = YES;
				CLANG_WARN_DEPRECATED_OBJC_IMPLEMENTATIONS = YES;
				CLANG_WARN_DIRECT_OBJC_ISA_USAGE = YES_ERROR;
				CLANG_WARN_DOCUMENTATION_COMMENTS = YES;
				CLANG_WARN_EMPTY_BODY = YES;
				CLANG_WARN_ENUM_CONVERSION = YES;
				CLANG_WARN_INFINITE_RECURSION = YES;
				CLANG_WARN_INT_CONVERSION = YES;
				CLANG_WARN_NON_LITERAL_NULL_CONVERSION = YES;
				CLANG_WARN_OBJC_IMPLICIT_RETAIN_SELF = YES;
				CLANG_WARN_OBJC_LITERAL_CONVERSION = YES;
				CLANG_WARN_OBJC_ROOT_CLASS = YES_ERROR;
				CLANG_WARN_QUOTED_INCLUDE_IN_FRAMEWORK_HEADER = YES;
				CLANG_WARN_RANGE_LOOP_ANALYSIS = YES;
				CLANG_WARN_STRICT_PROTOTYPES = YES;
				CLANG_WARN_SUSPICIOUS_MOVE = YES;
				CLANG_WARN_UNGUARDED_AVAILABILITY = YES_AGGRESSIVE;
				CLANG_WARN_UNREACHABLE_CODE = YES;
				CLANG_WARN__DUPLICATE_METHOD_MATCH = YES;
				COPY_PHASE_STRIP = NO;
				DEBUG_INFORMATION_FORMAT = "dwarf-with-dsym";
				ENABLE_NS_ASSERTIONS = NO;
				ENABLE_STRICT_OBJC_MSGSEND = YES;
				GCC_C_LANGUAGE_STANDARD = gnu11;
				GCC_NO_COMMON_BLOCKS = YES;
				GCC_WARN_64_TO_32_BIT_CONVERSION = YES;
				GCC_WARN_ABOUT_RETURN_TYPE = YES_ERROR;
				GCC_WARN_UNDECLARED_SELECTOR = YES;
				GCC_WARN_UNINITIALIZED_AUTOS = YES_AGGRESSIVE;
				GCC_WARN_UNUSED_FUNCTION = YES;
				GCC_WARN_UNUSED_VARIABLE = YES;
				IPHONEOS_DEPLOYMENT_TARGET = 16.1;
				MTL_ENABLE_DEBUG_INFO = NO;
				MTL_FAST_MATH = YES;
				SDKROOT = iphoneos;
				SWIFT_COMPILATION_MODE = wholemodule;
				SWIFT_OPTIMIZATION_LEVEL = "-O";
				VALIDATE_PRODUCT = YES;
			};
			name = Release;
		};
		6CB97A622ADD937D006DFABC /* Debug */ = {
			isa = XCBuildConfiguration;
			baseConfigurationReference = B5174AD700D8777CCBD82634 /* Pods-BoilerPlate.debug.xcconfig */;
			buildSettings = {
				ASSETCATALOG_COMPILER_APPICON_NAME = AppIcon;
				ASSETCATALOG_COMPILER_GLOBAL_ACCENT_COLOR_NAME = AccentColor;
				CODE_SIGN_STYLE = Automatic;
				CURRENT_PROJECT_VERSION = 1;
				DEVELOPMENT_TEAM = HQTBA959HZ;
				GENERATE_INFOPLIST_FILE = YES;
				INFOPLIST_FILE = BoilerPlate/Info.plist;
				INFOPLIST_KEY_UIApplicationSupportsIndirectInputEvents = YES;
				INFOPLIST_KEY_UILaunchStoryboardName = LaunchScreen;
				INFOPLIST_KEY_UIMainStoryboardFile = Main;
				INFOPLIST_KEY_UISupportedInterfaceOrientations = UIInterfaceOrientationPortrait;
				INFOPLIST_KEY_UISupportedInterfaceOrientations_iPad = "UIInterfaceOrientationPortrait UIInterfaceOrientationPortraitUpsideDown";
				LD_RUNPATH_SEARCH_PATHS = (
					"$(inherited)",
					"@executable_path/Frameworks",
				);
				MARKETING_VERSION = 1.0;
				PRODUCT_BUNDLE_IDENTIFIER = anh.the.bui.BoilerPlate;
				PRODUCT_NAME = "$(TARGET_NAME)";
				SWIFT_EMIT_LOC_STRINGS = YES;
				SWIFT_VERSION = 5.0;
				TARGETED_DEVICE_FAMILY = "1,2";
			};
			name = Debug;
		};
		6CB97A632ADD937D006DFABC /* Release */ = {
			isa = XCBuildConfiguration;
			baseConfigurationReference = 90AD6D687D134F84777F66FA /* Pods-BoilerPlate.release.xcconfig */;
			buildSettings = {
				ASSETCATALOG_COMPILER_APPICON_NAME = AppIcon;
				ASSETCATALOG_COMPILER_GLOBAL_ACCENT_COLOR_NAME = AccentColor;
				CODE_SIGN_STYLE = Automatic;
				CURRENT_PROJECT_VERSION = 1;
				DEVELOPMENT_TEAM = HQTBA959HZ;
				GENERATE_INFOPLIST_FILE = YES;
				INFOPLIST_FILE = BoilerPlate/Info.plist;
				INFOPLIST_KEY_UIApplicationSupportsIndirectInputEvents = YES;
				INFOPLIST_KEY_UILaunchStoryboardName = LaunchScreen;
				INFOPLIST_KEY_UIMainStoryboardFile = Main;
				INFOPLIST_KEY_UISupportedInterfaceOrientations = UIInterfaceOrientationPortrait;
				INFOPLIST_KEY_UISupportedInterfaceOrientations_iPad = "UIInterfaceOrientationPortrait UIInterfaceOrientationPortraitUpsideDown";
				LD_RUNPATH_SEARCH_PATHS = (
					"$(inherited)",
					"@executable_path/Frameworks",
				);
				MARKETING_VERSION = 1.0;
				PRODUCT_BUNDLE_IDENTIFIER = anh.the.bui.BoilerPlate;
				PRODUCT_NAME = "$(TARGET_NAME)";
				SWIFT_EMIT_LOC_STRINGS = YES;
				SWIFT_VERSION = 5.0;
				TARGETED_DEVICE_FAMILY = "1,2";
			};
			name = Release;
		};
		6CB97A652ADD937D006DFABC /* Debug */ = {
			isa = XCBuildConfiguration;
			baseConfigurationReference = 7806C3A4563EDF67915B7DDE /* Pods-BoilerPlateTests.debug.xcconfig */;
			buildSettings = {
				ALWAYS_EMBED_SWIFT_STANDARD_LIBRARIES = YES;
				BUNDLE_LOADER = "$(TEST_HOST)";
				CODE_SIGN_STYLE = Automatic;
				CURRENT_PROJECT_VERSION = 1;
				DEVELOPMENT_TEAM = HQTBA959HZ;
				GENERATE_INFOPLIST_FILE = YES;
				IPHONEOS_DEPLOYMENT_TARGET = 16.1;
				MARKETING_VERSION = 1.0;
				PRODUCT_BUNDLE_IDENTIFIER = anh.the.bui.BoilerPlateTests;
				PRODUCT_NAME = "$(TARGET_NAME)";
				SWIFT_EMIT_LOC_STRINGS = NO;
				SWIFT_VERSION = 5.0;
				TARGETED_DEVICE_FAMILY = "1,2";
				TEST_HOST = "$(BUILT_PRODUCTS_DIR)/BoilerPlate.app/$(BUNDLE_EXECUTABLE_FOLDER_PATH)/BoilerPlate";
			};
			name = Debug;
		};
		6CB97A662ADD937D006DFABC /* Release */ = {
			isa = XCBuildConfiguration;
			baseConfigurationReference = 5DAC8DEE22E075B072E7137D /* Pods-BoilerPlateTests.release.xcconfig */;
			buildSettings = {
				ALWAYS_EMBED_SWIFT_STANDARD_LIBRARIES = YES;
				BUNDLE_LOADER = "$(TEST_HOST)";
				CODE_SIGN_STYLE = Automatic;
				CURRENT_PROJECT_VERSION = 1;
				DEVELOPMENT_TEAM = HQTBA959HZ;
				GENERATE_INFOPLIST_FILE = YES;
				IPHONEOS_DEPLOYMENT_TARGET = 16.1;
				MARKETING_VERSION = 1.0;
				PRODUCT_BUNDLE_IDENTIFIER = anh.the.bui.BoilerPlateTests;
				PRODUCT_NAME = "$(TARGET_NAME)";
				SWIFT_EMIT_LOC_STRINGS = NO;
				SWIFT_VERSION = 5.0;
				TARGETED_DEVICE_FAMILY = "1,2";
				TEST_HOST = "$(BUILT_PRODUCTS_DIR)/BoilerPlate.app/$(BUNDLE_EXECUTABLE_FOLDER_PATH)/BoilerPlate";
			};
			name = Release;
		};
		6CB97A682ADD937D006DFABC /* Debug */ = {
			isa = XCBuildConfiguration;
			baseConfigurationReference = 626B1536355BCFC2E89617C7 /* Pods-BoilerPlate-BoilerPlateUITests.debug.xcconfig */;
			buildSettings = {
				ALWAYS_EMBED_SWIFT_STANDARD_LIBRARIES = YES;
				CODE_SIGN_STYLE = Automatic;
				CURRENT_PROJECT_VERSION = 1;
				DEVELOPMENT_TEAM = HQTBA959HZ;
				GENERATE_INFOPLIST_FILE = YES;
				MARKETING_VERSION = 1.0;
				PRODUCT_BUNDLE_IDENTIFIER = anh.the.bui.BoilerPlateUITests;
				PRODUCT_NAME = "$(TARGET_NAME)";
				SWIFT_EMIT_LOC_STRINGS = NO;
				SWIFT_VERSION = 5.0;
				TARGETED_DEVICE_FAMILY = "1,2";
				TEST_TARGET_NAME = BoilerPlate;
			};
			name = Debug;
		};
		6CB97A692ADD937D006DFABC /* Release */ = {
			isa = XCBuildConfiguration;
			baseConfigurationReference = EC8B13D1DD2AD02695E0103E /* Pods-BoilerPlate-BoilerPlateUITests.release.xcconfig */;
			buildSettings = {
				ALWAYS_EMBED_SWIFT_STANDARD_LIBRARIES = YES;
				CODE_SIGN_STYLE = Automatic;
				CURRENT_PROJECT_VERSION = 1;
				DEVELOPMENT_TEAM = HQTBA959HZ;
				GENERATE_INFOPLIST_FILE = YES;
				MARKETING_VERSION = 1.0;
				PRODUCT_BUNDLE_IDENTIFIER = anh.the.bui.BoilerPlateUITests;
				PRODUCT_NAME = "$(TARGET_NAME)";
				SWIFT_EMIT_LOC_STRINGS = NO;
				SWIFT_VERSION = 5.0;
				TARGETED_DEVICE_FAMILY = "1,2";
				TEST_TARGET_NAME = BoilerPlate;
			};
			name = Release;
		};
/* End XCBuildConfiguration section */

/* Begin XCConfigurationList section */
		6CB97A322ADD937C006DFABC /* Build configuration list for PBXProject "BoilerPlate" */ = {
			isa = XCConfigurationList;
			buildConfigurations = (
				6CB97A5F2ADD937D006DFABC /* Debug */,
				6CB97A602ADD937D006DFABC /* Release */,
			);
			defaultConfigurationIsVisible = 0;
			defaultConfigurationName = Release;
		};
		6CB97A612ADD937D006DFABC /* Build configuration list for PBXNativeTarget "BoilerPlate" */ = {
			isa = XCConfigurationList;
			buildConfigurations = (
				6CB97A622ADD937D006DFABC /* Debug */,
				6CB97A632ADD937D006DFABC /* Release */,
			);
			defaultConfigurationIsVisible = 0;
			defaultConfigurationName = Release;
		};
		6CB97A642ADD937D006DFABC /* Build configuration list for PBXNativeTarget "BoilerPlateTests" */ = {
			isa = XCConfigurationList;
			buildConfigurations = (
				6CB97A652ADD937D006DFABC /* Debug */,
				6CB97A662ADD937D006DFABC /* Release */,
			);
			defaultConfigurationIsVisible = 0;
			defaultConfigurationName = Release;
		};
		6CB97A672ADD937D006DFABC /* Build configuration list for PBXNativeTarget "BoilerPlateUITests" */ = {
			isa = XCConfigurationList;
			buildConfigurations = (
				6CB97A682ADD937D006DFABC /* Debug */,
				6CB97A692ADD937D006DFABC /* Release */,
			);
			defaultConfigurationIsVisible = 0;
			defaultConfigurationName = Release;
		};
/* End XCConfigurationList section */
	};
	rootObject = 6CB97A2F2ADD937C006DFABC /* Project object */;
}
